Microsoft Visual Studio Solution File, Format Version 12.00
# Visual Studio Version 16
VisualStudioVersion = 16.0.0.0
MinimumVisualStudioVersion = 16.0.0.0
Project("{9A19103F-16F7-4668-BE54-9A1E7A4F7556}") = "MyApp.Server", "src\Server\MyApp.Server.csproj", "{C509785C-965A-4125-A0D1-D728BDCF8D08}"
EndProject
Project("{9A19103F-16F7-4668-BE54-9A1E7A4F7556}") = "MyApp.Client", "src\Client\MyApp.Client.csproj", "{AC071133-B981-495A-8FDC-EFE5C6791C6F}"
EndProject
Project("{9A19103F-16F7-4668-BE54-9A1E7A4F7556}") = "MyApp.Shared", "src\Shared\MyApp.Shared.csproj", "{5D09414C-B7A6-4613-850A-56D16ADE0AB0}"
EndProject
Global
	GlobalSection(SolutionConfigurationPlatforms) = preSolution
		Debug|Any CPU = Debug|Any CPU
		Debug|x64 = Debug|x64
		Debug|x86 = Debug|x86
		Release|Any CPU = Release|Any CPU
		Release|x64 = Release|x64
		Release|x86 = Release|x86
	EndGlobalSection
	GlobalSection(ProjectConfigurationPlatforms) = postSolution
		{AC071133-B981-495A-8FDC-EFE5C6791C6F}.Debug|Any CPU.ActiveCfg = Debug|Any CPU
		{AC071133-B981-495A-8FDC-EFE5C6791C6F}.Debug|Any CPU.Build.0 = Debug|Any CPU
		{AC071133-B981-495A-8FDC-EFE5C6791C6F}.Debug|x64.ActiveCfg = Debug|Any CPU
		{AC071133-B981-495A-8FDC-EFE5C6791C6F}.Debug|x64.Build.0 = Debug|Any CPU
		{AC071133-B981-495A-8FDC-EFE5C6791C6F}.Debug|x86.ActiveCfg = Debug|Any CPU
		{AC071133-B981-495A-8FDC-EFE5C6791C6F}.Debug|x86.Build.0 = Debug|Any CPU
		{AC071133-B981-495A-8FDC-EFE5C6791C6F}.Release|Any CPU.ActiveCfg = Release|Any CPU
		{AC071133-B981-495A-8FDC-EFE5C6791C6F}.Release|Any CPU.Build.0 = Release|Any CPU
		{AC071133-B981-495A-8FDC-EFE5C6791C6F}.Release|x64.ActiveCfg = Release|Any CPU
		{AC071133-B981-495A-8FDC-EFE5C6791C6F}.Release|x64.Build.0 = Release|Any CPU
		{AC071133-B981-495A-8FDC-EFE5C6791C6F}.Release|x86.ActiveCfg = Release|Any CPU
		{AC071133-B981-495A-8FDC-EFE5C6791C6F}.Release|x86.Build.0 = Release|Any CPU
		{C509785C-965A-4125-A0D1-D728BDCF8D08}.Debug|Any CPU.ActiveCfg = Debug|Any CPU
		{C509785C-965A-4125-A0D1-D728BDCF8D08}.Debug|Any CPU.Build.0 = Debug|Any CPU
		{C509785C-965A-4125-A0D1-D728BDCF8D08}.Debug|x64.ActiveCfg = Debug|Any CPU
		{C509785C-965A-4125-A0D1-D728BDCF8D08}.Debug|x64.Build.0 = Debug|Any CPU
		{C509785C-965A-4125-A0D1-D728BDCF8D08}.Debug|x86.ActiveCfg = Debug|Any CPU
		{C509785C-965A-4125-A0D1-D728BDCF8D08}.Debug|x86.Build.0 = Debug|Any CPU
		{C509785C-965A-4125-A0D1-D728BDCF8D08}.Release|Any CPU.ActiveCfg = Release|Any CPU
		{C509785C-965A-4125-A0D1-D728BDCF8D08}.Release|Any CPU.Build.0 = Release|Any CPU
		{C509785C-965A-4125-A0D1-D728BDCF8D08}.Release|x64.ActiveCfg = Release|Any CPU
		{C509785C-965A-4125-A0D1-D728BDCF8D08}.Release|x64.Build.0 = Release|Any CPU
		{C509785C-965A-4125-A0D1-D728BDCF8D08}.Release|x86.ActiveCfg = Release|Any CPU
		{C509785C-965A-4125-A0D1-D728BDCF8D08}.Release|x86.Build.0 = Release|Any CPU
		{5D09414C-B7A6-4613-850A-56D16ADE0AB0}.Debug|Any CPU.ActiveCfg = Debug|Any CPU
		{5D09414C-B7A6-4613-850A-56D16ADE0AB0}.Debug|Any CPU.Build.0 = Debug|Any CPU
		{5D09414C-B7A6-4613-850A-56D16ADE0AB0}.Debug|x64.ActiveCfg = Debug|Any CPU
		{5D09414C-B7A6-4613-850A-56D16ADE0AB0}.Debug|x64.Build.0 = Debug|Any CPU
		{5D09414C-B7A6-4613-850A-56D16ADE0AB0}.Debug|x86.ActiveCfg = Debug|Any CPU
		{5D09414C-B7A6-4613-850A-56D16ADE0AB0}.Debug|x86.Build.0 = Debug|Any CPU
		{5D09414C-B7A6-4613-850A-56D16ADE0AB0}.Release|Any CPU.ActiveCfg = Release|Any CPU
		{5D09414C-B7A6-4613-850A-56D16ADE0AB0}.Release|Any CPU.Build.0 = Release|Any CPU
		{5D09414C-B7A6-4613-850A-56D16ADE0AB0}.Release|x64.ActiveCfg = Release|Any CPU
		{5D09414C-B7A6-4613-850A-56D16ADE0AB0}.Release|x64.Build.0 = Release|Any CPU
		{5D09414C-B7A6-4613-850A-56D16ADE0AB0}.Release|x86.ActiveCfg = Release|Any CPU
		{5D09414C-B7A6-4613-850A-56D16ADE0AB0}.Release|x86.Build.0 = Release|Any CPU
	EndGlobalSection
	GlobalSection(SolutionProperties) = preSolution
		HideSolutionNode = FALSE
	EndGlobalSection
	GlobalSection(ExtensibilityGlobals) = postSolution
		SolutionGuid = {011E6489-246B-4859-8403-1DEBDDB1ADF0}
	EndGlobalSection
EndGlobal